lockfileVersion: '6.0'

settings:
  autoInstallPeers: true
  excludeLinksFromLockfile: false

dependencies:
  '@fontsource/inter':
    specifier: 5.0.8
    version: 5.0.8
  monaco-editor:
    specifier: 0.41.0
    version: 0.41.0

packages:

  /@fontsource/inter@5.0.8:
    resolution: {integrity: sha512-28knWH1BfOiRalfLs90U4sge5mpQ8ZH6FS0PTT+IZMKrZ7wNHDHRuKa1kQJg+uHcc6axBppnxll+HXM4c7zo/Q==}
    dev: false

  /monaco-editor@0.41.0:
    resolution: {integrity: sha512-1o4olnZJsiLmv5pwLEAmzHTE/5geLKQ07BrGxlF4Ri/AXAc2yyDGZwHjiTqD8D/ROKUZmwMA28A+yEowLNOEcA==}
    dev: false
