lockfileVersion: '6.0'

settings:
  autoInstallPeers: true
  excludeLinksFromLockfile: false

dependencies:
  monaco-editor:
    specifier: 0.41.0
    version: 0.41.0

packages:

  /monaco-editor@0.41.0:
    resolution: {integrity: sha512-1o4olnZJsiLmv5pwLEAmzHTE/5geLKQ07BrGxlF4Ri/AXAc2yyDGZwHjiTqD8D/ROKUZmwMA28A+yEowLNOEcA==}
    dev: false
